
Microsoft Visual Studio Solution File, Format Version 12.00
# Visual Studio 15
VisualStudioVersion = 15.0.28010.2046
MinimumVisualStudioVersion = 10.0.40219.1
Project("{2150E333-8FDC-42A3-9474-1A3956D46DE8}") = "DataAcees-Layer", "DataAcees-Layer", "{D5831AB2-02F1-4059-8E49-4533A714B47E}"
EndProject
Project("{9A19103F-16F7-4668-BE54-9A1E7A4F7556}") = "Entity.Models", "Entity.Models\Entity.Models.csproj", "{807BA857-1355-4FA7-BA6C-4C171C37A979}"
EndProject
Project("{9A19103F-16F7-4668-BE54-9A1E7A4F7556}") = "Persistency.Implementations", "Persistency.Implementations\Persistency.Implementations.csproj", "{B1620127-92B7-4245-99E2-A6CEB4EF1428}"
EndProject
Project("{2150E333-8FDC-42A3-9474-1A3956D46DE8}") = "Presentation-Layer", "Presentation-Layer", "{0D47EDE0-0839-4B14-BFD4-A7048D87456F}"
EndProject
Project("{FAE04EC0-301F-11D3-BF4B-00C04F79EFBC}") = "TripPlanner.Api", "TripPlanner.Api\TripPlanner.Api.csproj", "{CACCD369-07CC-462F-9F0A-2842334A76AF}"
EndProject
Project("{FAE04EC0-301F-11D3-BF4B-00C04F79EFBC}") = "TripPlanner.Web", "TripPlanner.Web\TripPlanner.Web.csproj", "{9DDB857A-DD70-4707-8AC0-35EEF9CEB4E4}"
EndProject
Project("{FAE04EC0-301F-11D3-BF4B-00C04F79EFBC}") = "Persistency.Mappings", "Persistency.Mappings\Persistency.Mappings.csproj", "{DDBC4DE8-B165-480A-8178-CB1D6060CCAE}"
	ProjectSection(ProjectDependencies) = postProject
		{DA8F444D-2767-46CD-AD4A-F8B8BC187BDC} = {DA8F444D-2767-46CD-AD4A-F8B8BC187BDC}
		{807BA857-1355-4FA7-BA6C-4C171C37A979} = {807BA857-1355-4FA7-BA6C-4C171C37A979}
	EndProjectSection
EndProject
Project("{FAE04EC0-301F-11D3-BF4B-00C04F79EFBC}") = "Persistency.Contracts", "Persistency.Contracts\Persistency.Contracts.csproj", "{DA8F444D-2767-46CD-AD4A-F8B8BC187BDC}"
EndProject
Global
	GlobalSection(SolutionConfigurationPlatforms) = preSolution
		Debug|Any CPU = Debug|Any CPU
		Release|Any CPU = Release|Any CPU
	EndGlobalSection
	GlobalSection(ProjectConfigurationPlatforms) = postSolution
		{807BA857-1355-4FA7-BA6C-4C171C37A979}.Debug|Any CPU.ActiveCfg = Debug|Any CPU
		{807BA857-1355-4FA7-BA6C-4C171C37A979}.Debug|Any CPU.Build.0 = Debug|Any CPU
		{807BA857-1355-4FA7-BA6C-4C171C37A979}.Release|Any CPU.ActiveCfg = Release|Any CPU
		{807BA857-1355-4FA7-BA6C-4C171C37A979}.Release|Any CPU.Build.0 = Release|Any CPU
		{B1620127-92B7-4245-99E2-A6CEB4EF1428}.Debug|Any CPU.ActiveCfg = Debug|Any CPU
		{B1620127-92B7-4245-99E2-A6CEB4EF1428}.Debug|Any CPU.Build.0 = Debug|Any CPU
		{B1620127-92B7-4245-99E2-A6CEB4EF1428}.Release|Any CPU.ActiveCfg = Release|Any CPU
		{B1620127-92B7-4245-99E2-A6CEB4EF1428}.Release|Any CPU.Build.0 = Release|Any CPU
		{CACCD369-07CC-462F-9F0A-2842334A76AF}.Debug|Any CPU.ActiveCfg = Debug|Any CPU
		{CACCD369-07CC-462F-9F0A-2842334A76AF}.Debug|Any CPU.Build.0 = Debug|Any CPU
		{CACCD369-07CC-462F-9F0A-2842334A76AF}.Release|Any CPU.ActiveCfg = Release|Any CPU
		{CACCD369-07CC-462F-9F0A-2842334A76AF}.Release|Any CPU.Build.0 = Release|Any CPU
		{9DDB857A-DD70-4707-8AC0-35EEF9CEB4E4}.Debug|Any CPU.ActiveCfg = Debug|Any CPU
		{9DDB857A-DD70-4707-8AC0-35EEF9CEB4E4}.Debug|Any CPU.Build.0 = Debug|Any CPU
		{9DDB857A-DD70-4707-8AC0-35EEF9CEB4E4}.Release|Any CPU.ActiveCfg = Release|Any CPU
		{9DDB857A-DD70-4707-8AC0-35EEF9CEB4E4}.Release|Any CPU.Build.0 = Release|Any CPU
		{DDBC4DE8-B165-480A-8178-CB1D6060CCAE}.Debug|Any CPU.ActiveCfg = Debug|Any CPU
		{DDBC4DE8-B165-480A-8178-CB1D6060CCAE}.Debug|Any CPU.Build.0 = Debug|Any CPU
		{DDBC4DE8-B165-480A-8178-CB1D6060CCAE}.Release|Any CPU.ActiveCfg = Release|Any CPU
		{DDBC4DE8-B165-480A-8178-CB1D6060CCAE}.Release|Any CPU.Build.0 = Release|Any CPU
		{DA8F444D-2767-46CD-AD4A-F8B8BC187BDC}.Debug|Any CPU.ActiveCfg = Debug|Any CPU
		{DA8F444D-2767-46CD-AD4A-F8B8BC187BDC}.Debug|Any CPU.Build.0 = Debug|Any CPU
		{DA8F444D-2767-46CD-AD4A-F8B8BC187BDC}.Release|Any CPU.ActiveCfg = Release|Any CPU
		{DA8F444D-2767-46CD-AD4A-F8B8BC187BDC}.Release|Any CPU.Build.0 = Release|Any CPU
	EndGlobalSection
	GlobalSection(SolutionProperties) = preSolution
		HideSolutionNode = FALSE
	EndGlobalSection
	GlobalSection(NestedProjects) = preSolution
		{807BA857-1355-4FA7-BA6C-4C171C37A979} = {D5831AB2-02F1-4059-8E49-4533A714B47E}
		{B1620127-92B7-4245-99E2-A6CEB4EF1428} = {D5831AB2-02F1-4059-8E49-4533A714B47E}
		{CACCD369-07CC-462F-9F0A-2842334A76AF} = {0D47EDE0-0839-4B14-BFD4-A7048D87456F}
		{9DDB857A-DD70-4707-8AC0-35EEF9CEB4E4} = {0D47EDE0-0839-4B14-BFD4-A7048D87456F}
		{DDBC4DE8-B165-480A-8178-CB1D6060CCAE} = {D5831AB2-02F1-4059-8E49-4533A714B47E}
		{DA8F444D-2767-46CD-AD4A-F8B8BC187BDC} = {D5831AB2-02F1-4059-8E49-4533A714B47E}
	EndGlobalSection
	GlobalSection(ExtensibilityGlobals) = postSolution
		SolutionGuid = {64A43929-3D8F-4219-ACD3-AE1F31A1A316}
	EndGlobalSection
EndGlobal
